
Microsoft Visual Studio Solution File, Format Version 12.00
# Visual Studio Version 16
VisualStudioVersion = 16.0.29306.81
MinimumVisualStudioVersion = 10.0.40219.1
Project("{FAE04EC0-301F-11D3-BF4B-00C04F79EFBC}") = "MyFinance", "MyFinance\MyFinance.csproj", "{31343CAC-77F5-4BEC-8CA8-7923F8AD6D74}"
EndProject
Global
	GlobalSection(SolutionConfigurationPlatforms) = preSolution
		Debug|Any CPU = Debug|Any CPU
		Release|Any CPU = Release|Any CPU
	EndGlobalSection
	GlobalSection(ProjectConfigurationPlatforms) = postSolution
		{31343CAC-77F5-4BEC-8CA8-7923F8AD6D74}.Debug|Any CPU.ActiveCfg = Debug|Any CPU
		{31343CAC-77F5-4BEC-8CA8-7923F8AD6D74}.Debug|Any CPU.Build.0 = Debug|Any CPU
		{31343CAC-77F5-4BEC-8CA8-7923F8AD6D74}.Release|Any CPU.ActiveCfg = Release|Any CPU
		{31343CAC-77F5-4BEC-8CA8-7923F8AD6D74}.Release|Any CPU.Build.0 = Release|Any CPU
	EndGlobalSection
	GlobalSection(SolutionProperties) = preSolution
		HideSolutionNode = FALSE
	EndGlobalSection
	GlobalSection(ExtensibilityGlobals) = postSolution
		SolutionGuid = {DC50E8EE-E595-4AE0-93BF-1649FED9016B}
	EndGlobalSection
EndGlobal
