
Microsoft Visual Studio Solution File, Format Version 12.00
# Visual Studio Version 16
VisualStudioVersion = 16.0.29306.81
MinimumVisualStudioVersion = 10.0.40219.1
Project("{9A19103F-16F7-4668-BE54-9A1E7A4F7556}") = "MyFinance", "MyFinance\MyFinance.csproj", "{31343CAC-77F5-4BEC-8CA8-7923F8AD6D74}"
EndProject
Project("{9A19103F-16F7-4668-BE54-9A1E7A4F7556}") = "ProjetoFinanceTeste", "ProjetoFinanceTeste\ProjetoFinanceTeste.csproj", "{16C0DEF8-CCFE-42C2-8376-E1FED504A270}"
EndProject
Project("{FAE04EC0-301F-11D3-BF4B-00C04F79EFBC}") = "MyFinance.Domain", "MyFinance.Domain\MyFinance.Domain.csproj", "{068EB892-4933-43EC-9CF4-549A369B7CAC}"
EndProject
Project("{FAE04EC0-301F-11D3-BF4B-00C04F79EFBC}") = "MyFinance.Application", "MyFinance.Application\MyFinance.Application.csproj", "{887C352F-969A-4583-8A6B-3C41CDE17BA3}"
EndProject
Project("{FAE04EC0-301F-11D3-BF4B-00C04F79EFBC}") = "MyFinance.Service", "MyFinance.Service\MyFinance.Service.csproj", "{3FCED730-2ABD-4F3A-B2E5-1D1979569CDA}"
EndProject
Project("{FAE04EC0-301F-11D3-BF4B-00C04F79EFBC}") = "MyFinance.Repository", "MyFinance.Repository\MyFinance.Repository.csproj", "{7A89C6B2-1833-4D91-8B6A-ADE2FE0C1CAE}"
EndProject
Project("{FAE04EC0-301F-11D3-BF4B-00C04F79EFBC}") = "MyFinance.Configurations", "MyFinance.Configurations\MyFinance.Configurations.csproj", "{D71CC0E8-AB3A-4DA4-8E49-9E30B869F2BB}"
EndProject
Project("{2150E333-8FDC-42A3-9474-1A3956D46DE8}") = "Domain", "Domain", "{9EE2AFB2-26EF-40C2-ACEF-2FD5195AC1C8}"
EndProject
Project("{2150E333-8FDC-42A3-9474-1A3956D46DE8}") = "Infra", "Infra", "{F1D6CEFB-0E0B-46F8-ABF9-5EECDE7AA54A}"
EndProject
Project("{2150E333-8FDC-42A3-9474-1A3956D46DE8}") = "Aplication", "Aplication", "{1D703FC3-2410-400F-B115-45A78B322ED2}"
EndProject
Project("{2150E333-8FDC-42A3-9474-1A3956D46DE8}") = "App", "App", "{DD491AAD-8505-481B-9AC2-5302A0217901}"
EndProject
Project("{2150E333-8FDC-42A3-9474-1A3956D46DE8}") = "Data", "Data", "{5B7B8A37-366A-43F4-BA19-99BDFF8ED7D3}"
EndProject
Project("{FAE04EC0-301F-11D3-BF4B-00C04F79EFBC}") = "MyFinance.Data", "MyFinance.Data\MyFinance.Data.csproj", "{267CC448-65DB-46B0-904B-E5DA1B4A18D5}"
EndProject
Global
	GlobalSection(SolutionConfigurationPlatforms) = preSolution
		Debug|Any CPU = Debug|Any CPU
		Release|Any CPU = Release|Any CPU
	EndGlobalSection
	GlobalSection(ProjectConfigurationPlatforms) = postSolution
		{31343CAC-77F5-4BEC-8CA8-7923F8AD6D74}.Debug|Any CPU.ActiveCfg = Debug|Any CPU
		{31343CAC-77F5-4BEC-8CA8-7923F8AD6D74}.Debug|Any CPU.Build.0 = Debug|Any CPU
		{31343CAC-77F5-4BEC-8CA8-7923F8AD6D74}.Release|Any CPU.ActiveCfg = Release|Any CPU
		{31343CAC-77F5-4BEC-8CA8-7923F8AD6D74}.Release|Any CPU.Build.0 = Release|Any CPU
		{16C0DEF8-CCFE-42C2-8376-E1FED504A270}.Debug|Any CPU.ActiveCfg = Debug|Any CPU
		{16C0DEF8-CCFE-42C2-8376-E1FED504A270}.Debug|Any CPU.Build.0 = Debug|Any CPU
		{16C0DEF8-CCFE-42C2-8376-E1FED504A270}.Release|Any CPU.ActiveCfg = Release|Any CPU
		{16C0DEF8-CCFE-42C2-8376-E1FED504A270}.Release|Any CPU.Build.0 = Release|Any CPU
		{068EB892-4933-43EC-9CF4-549A369B7CAC}.Debug|Any CPU.ActiveCfg = Debug|Any CPU
		{068EB892-4933-43EC-9CF4-549A369B7CAC}.Debug|Any CPU.Build.0 = Debug|Any CPU
		{068EB892-4933-43EC-9CF4-549A369B7CAC}.Release|Any CPU.ActiveCfg = Release|Any CPU
		{068EB892-4933-43EC-9CF4-549A369B7CAC}.Release|Any CPU.Build.0 = Release|Any CPU
		{887C352F-969A-4583-8A6B-3C41CDE17BA3}.Debug|Any CPU.ActiveCfg = Debug|Any CPU
		{887C352F-969A-4583-8A6B-3C41CDE17BA3}.Debug|Any CPU.Build.0 = Debug|Any CPU
		{887C352F-969A-4583-8A6B-3C41CDE17BA3}.Release|Any CPU.ActiveCfg = Release|Any CPU
		{887C352F-969A-4583-8A6B-3C41CDE17BA3}.Release|Any CPU.Build.0 = Release|Any CPU
		{3FCED730-2ABD-4F3A-B2E5-1D1979569CDA}.Debug|Any CPU.ActiveCfg = Debug|Any CPU
		{3FCED730-2ABD-4F3A-B2E5-1D1979569CDA}.Debug|Any CPU.Build.0 = Debug|Any CPU
		{3FCED730-2ABD-4F3A-B2E5-1D1979569CDA}.Release|Any CPU.ActiveCfg = Release|Any CPU
		{3FCED730-2ABD-4F3A-B2E5-1D1979569CDA}.Release|Any CPU.Build.0 = Release|Any CPU
		{7A89C6B2-1833-4D91-8B6A-ADE2FE0C1CAE}.Debug|Any CPU.ActiveCfg = Debug|Any CPU
		{7A89C6B2-1833-4D91-8B6A-ADE2FE0C1CAE}.Debug|Any CPU.Build.0 = Debug|Any CPU
		{7A89C6B2-1833-4D91-8B6A-ADE2FE0C1CAE}.Release|Any CPU.ActiveCfg = Release|Any CPU
		{7A89C6B2-1833-4D91-8B6A-ADE2FE0C1CAE}.Release|Any CPU.Build.0 = Release|Any CPU
		{D71CC0E8-AB3A-4DA4-8E49-9E30B869F2BB}.Debug|Any CPU.ActiveCfg = Debug|Any CPU
		{D71CC0E8-AB3A-4DA4-8E49-9E30B869F2BB}.Debug|Any CPU.Build.0 = Debug|Any CPU
		{D71CC0E8-AB3A-4DA4-8E49-9E30B869F2BB}.Release|Any CPU.ActiveCfg = Release|Any CPU
		{D71CC0E8-AB3A-4DA4-8E49-9E30B869F2BB}.Release|Any CPU.Build.0 = Release|Any CPU
		{267CC448-65DB-46B0-904B-E5DA1B4A18D5}.Debug|Any CPU.ActiveCfg = Debug|Any CPU
		{267CC448-65DB-46B0-904B-E5DA1B4A18D5}.Debug|Any CPU.Build.0 = Debug|Any CPU
		{267CC448-65DB-46B0-904B-E5DA1B4A18D5}.Release|Any CPU.ActiveCfg = Release|Any CPU
		{267CC448-65DB-46B0-904B-E5DA1B4A18D5}.Release|Any CPU.Build.0 = Release|Any CPU
	EndGlobalSection
	GlobalSection(SolutionProperties) = preSolution
		HideSolutionNode = FALSE
	EndGlobalSection
	GlobalSection(NestedProjects) = preSolution
		{31343CAC-77F5-4BEC-8CA8-7923F8AD6D74} = {DD491AAD-8505-481B-9AC2-5302A0217901}
		{16C0DEF8-CCFE-42C2-8376-E1FED504A270} = {F1D6CEFB-0E0B-46F8-ABF9-5EECDE7AA54A}
		{068EB892-4933-43EC-9CF4-549A369B7CAC} = {9EE2AFB2-26EF-40C2-ACEF-2FD5195AC1C8}
		{887C352F-969A-4583-8A6B-3C41CDE17BA3} = {1D703FC3-2410-400F-B115-45A78B322ED2}
		{3FCED730-2ABD-4F3A-B2E5-1D1979569CDA} = {F1D6CEFB-0E0B-46F8-ABF9-5EECDE7AA54A}
		{7A89C6B2-1833-4D91-8B6A-ADE2FE0C1CAE} = {F1D6CEFB-0E0B-46F8-ABF9-5EECDE7AA54A}
		{D71CC0E8-AB3A-4DA4-8E49-9E30B869F2BB} = {F1D6CEFB-0E0B-46F8-ABF9-5EECDE7AA54A}
		{267CC448-65DB-46B0-904B-E5DA1B4A18D5} = {5B7B8A37-366A-43F4-BA19-99BDFF8ED7D3}
	EndGlobalSection
	GlobalSection(ExtensibilityGlobals) = postSolution
		SolutionGuid = {DC50E8EE-E595-4AE0-93BF-1649FED9016B}
	EndGlobalSection
EndGlobal
